
Microsoft Visual Studio Solution File, Format Version 12.00
# Visual Studio Version 16
VisualStudioVersion = 16.0.30114.105
MinimumVisualStudioVersion = 10.0.40219.1
Project("{FAE04EC0-301F-11D3-BF4B-00C04F79EFBC}") = "SCPInet v2 1.1", "SCPInet v2 1.1\SCPInet v2 1.1.csproj", "{63EC9252-3BA8-4596-A77E-0DC2FC3815CD}"
EndProject
Global
	GlobalSection(SolutionConfigurationPlatforms) = preSolution
		Debug|Any CPU = Debug|Any CPU
		Release|Any CPU = Release|Any CPU
	EndGlobalSection
	GlobalSection(ProjectConfigurationPlatforms) = postSolution
		{63EC9252-3BA8-4596-A77E-0DC2FC3815CD}.Debug|Any CPU.ActiveCfg = Debug|Any CPU
		{63EC9252-3BA8-4596-A77E-0DC2FC3815CD}.Debug|Any CPU.Build.0 = Debug|Any CPU
		{63EC9252-3BA8-4596-A77E-0DC2FC3815CD}.Release|Any CPU.ActiveCfg = Release|Any CPU
		{63EC9252-3BA8-4596-A77E-0DC2FC3815CD}.Release|Any CPU.Build.0 = Release|Any CPU
	EndGlobalSection
	GlobalSection(SolutionProperties) = preSolution
		HideSolutionNode = FALSE
	EndGlobalSection
	GlobalSection(ExtensibilityGlobals) = postSolution
		SolutionGuid = {77BCB8F0-F6B0-49C9-8102-4DE811A7274A}
	EndGlobalSection
EndGlobal
